
Microsoft Visual Studio Solution File, Format Version 12.00
# Visual Studio Version 16
VisualStudioVersion = 16.0.28803.156
MinimumVisualStudioVersion = 10.0.40219.1
Project("{9A19103F-16F7-4668-BE54-9A1E7A4F7556}") = "aistdoc", "src\aistdoc\aistdoc.csproj", "{1571A255-CF96-4386-AD17-59BD8007DBAD}"
EndProject
Project("{9A19103F-16F7-4668-BE54-9A1E7A4F7556}") = "KbService", "src\AistantKbService\KbService.csproj", "{1F856F2F-12FA-4F65-A700-22F826C16532}"
EndProject
Project("{FAE04EC0-301F-11D3-BF4B-00C04F79EFBC}") = "typedoc", "typedoc\typedoc.csproj", "{38EB7A29-E7FF-4F3C-824C-2561708C6890}"
EndProject
Global
	GlobalSection(SolutionConfigurationPlatforms) = preSolution
		Debug|Any CPU = Debug|Any CPU
		Release|Any CPU = Release|Any CPU
	EndGlobalSection
	GlobalSection(ProjectConfigurationPlatforms) = postSolution
		{1571A255-CF96-4386-AD17-59BD8007DBAD}.Debug|Any CPU.ActiveCfg = Debug|Any CPU
		{1571A255-CF96-4386-AD17-59BD8007DBAD}.Debug|Any CPU.Build.0 = Debug|Any CPU
		{1571A255-CF96-4386-AD17-59BD8007DBAD}.Release|Any CPU.ActiveCfg = Release|Any CPU
		{1571A255-CF96-4386-AD17-59BD8007DBAD}.Release|Any CPU.Build.0 = Release|Any CPU
		{1F856F2F-12FA-4F65-A700-22F826C16532}.Debug|Any CPU.ActiveCfg = Debug|Any CPU
		{1F856F2F-12FA-4F65-A700-22F826C16532}.Debug|Any CPU.Build.0 = Debug|Any CPU
		{1F856F2F-12FA-4F65-A700-22F826C16532}.Release|Any CPU.ActiveCfg = Release|Any CPU
		{1F856F2F-12FA-4F65-A700-22F826C16532}.Release|Any CPU.Build.0 = Release|Any CPU
		{38EB7A29-E7FF-4F3C-824C-2561708C6890}.Debug|Any CPU.ActiveCfg = Debug|Any CPU
		{38EB7A29-E7FF-4F3C-824C-2561708C6890}.Debug|Any CPU.Build.0 = Debug|Any CPU
		{38EB7A29-E7FF-4F3C-824C-2561708C6890}.Release|Any CPU.ActiveCfg = Release|Any CPU
		{38EB7A29-E7FF-4F3C-824C-2561708C6890}.Release|Any CPU.Build.0 = Release|Any CPU
	EndGlobalSection
	GlobalSection(SolutionProperties) = preSolution
		HideSolutionNode = FALSE
	EndGlobalSection
	GlobalSection(ExtensibilityGlobals) = postSolution
		SolutionGuid = {DD976E04-0673-4EC8-814B-5BBE91871316}
	EndGlobalSection
EndGlobal
